
Microsoft Visual Studio Solution File, Format Version 12.00
# Visual Studio Version 17
VisualStudioVersion = 17.2.32616.157
MinimumVisualStudioVersion = 10.0.40219.1
Project("{FAE04EC0-301F-11D3-BF4B-00C04F79EFBC}") = "AI-ZH-I", "AI-ZH-I\AI-ZH-I.csproj", "{FD95AB8E-BA55-49B6-9FFF-217414AFBB3A}"
EndProject
Global
	GlobalSection(SolutionConfigurationPlatforms) = preSolution
		Debug|Any CPU = Debug|Any CPU
		Release|Any CPU = Release|Any CPU
	EndGlobalSection
	GlobalSection(ProjectConfigurationPlatforms) = postSolution
		{FD95AB8E-BA55-49B6-9FFF-217414AFBB3A}.Debug|Any CPU.ActiveCfg = Debug|Any CPU
		{FD95AB8E-BA55-49B6-9FFF-217414AFBB3A}.Debug|Any CPU.Build.0 = Debug|Any CPU
		{FD95AB8E-BA55-49B6-9FFF-217414AFBB3A}.Release|Any CPU.ActiveCfg = Release|Any CPU
		{FD95AB8E-BA55-49B6-9FFF-217414AFBB3A}.Release|Any CPU.Build.0 = Release|Any CPU
	EndGlobalSection
	GlobalSection(SolutionProperties) = preSolution
		HideSolutionNode = FALSE
	EndGlobalSection
	GlobalSection(ExtensibilityGlobals) = postSolution
		SolutionGuid = {2EDEC75C-95C0-4938-8833-A44FC4FDE161}
	EndGlobalSection
EndGlobal
